
Microsoft Visual Studio Solution File, Format Version 12.00
# Visual Studio 15
VisualStudioVersion = 15.0.26730.12
MinimumVisualStudioVersion = 10.0.40219.1
Project("{FAE04EC0-301F-11D3-BF4B-00C04F79EFBC}") = "RoyalLondon", "RoyalLondon.csproj", "{8DB622BE-FBB9-46C9-AE50-DCA4126A5463}"
EndProject
Project("{FAE04EC0-301F-11D3-BF4B-00C04F79EFBC}") = "RoyalLondonUnitTestProject", "..\RoyalLondonUnitTestProject\RoyalLondonUnitTestProject.csproj", "{7222A6D3-71FB-48F0-9042-FDE77F0527A5}"
EndProject
Global
	GlobalSection(SolutionConfigurationPlatforms) = preSolution
		Debug|Any CPU = Debug|Any CPU
		Debug|ARM = Debug|ARM
		Debug|x64 = Debug|x64
		Debug|x86 = Debug|x86
		Release|Any CPU = Release|Any CPU
		Release|ARM = Release|ARM
		Release|x64 = Release|x64
		Release|x86 = Release|x86
	EndGlobalSection
	GlobalSection(ProjectConfigurationPlatforms) = postSolution
		{8DB622BE-FBB9-46C9-AE50-DCA4126A5463}.Debug|Any CPU.ActiveCfg = Debug|Any CPU
		{8DB622BE-FBB9-46C9-AE50-DCA4126A5463}.Debug|Any CPU.Build.0 = Debug|Any CPU
		{8DB622BE-FBB9-46C9-AE50-DCA4126A5463}.Debug|ARM.ActiveCfg = Debug|Any CPU
		{8DB622BE-FBB9-46C9-AE50-DCA4126A5463}.Debug|ARM.Build.0 = Debug|Any CPU
		{8DB622BE-FBB9-46C9-AE50-DCA4126A5463}.Debug|x64.ActiveCfg = Debug|Any CPU
		{8DB622BE-FBB9-46C9-AE50-DCA4126A5463}.Debug|x64.Build.0 = Debug|Any CPU
		{8DB622BE-FBB9-46C9-AE50-DCA4126A5463}.Debug|x86.ActiveCfg = Debug|Any CPU
		{8DB622BE-FBB9-46C9-AE50-DCA4126A5463}.Debug|x86.Build.0 = Debug|Any CPU
		{8DB622BE-FBB9-46C9-AE50-DCA4126A5463}.Release|Any CPU.ActiveCfg = Release|Any CPU
		{8DB622BE-FBB9-46C9-AE50-DCA4126A5463}.Release|Any CPU.Build.0 = Release|Any CPU
		{8DB622BE-FBB9-46C9-AE50-DCA4126A5463}.Release|ARM.ActiveCfg = Release|Any CPU
		{8DB622BE-FBB9-46C9-AE50-DCA4126A5463}.Release|ARM.Build.0 = Release|Any CPU
		{8DB622BE-FBB9-46C9-AE50-DCA4126A5463}.Release|x64.ActiveCfg = Release|Any CPU
		{8DB622BE-FBB9-46C9-AE50-DCA4126A5463}.Release|x64.Build.0 = Release|Any CPU
		{8DB622BE-FBB9-46C9-AE50-DCA4126A5463}.Release|x86.ActiveCfg = Release|Any CPU
		{8DB622BE-FBB9-46C9-AE50-DCA4126A5463}.Release|x86.Build.0 = Release|Any CPU
		{7222A6D3-71FB-48F0-9042-FDE77F0527A5}.Debug|Any CPU.ActiveCfg = Debug|Any CPU
		{7222A6D3-71FB-48F0-9042-FDE77F0527A5}.Debug|Any CPU.Build.0 = Debug|Any CPU
		{7222A6D3-71FB-48F0-9042-FDE77F0527A5}.Debug|ARM.ActiveCfg = Debug|Any CPU
		{7222A6D3-71FB-48F0-9042-FDE77F0527A5}.Debug|ARM.Build.0 = Debug|Any CPU
		{7222A6D3-71FB-48F0-9042-FDE77F0527A5}.Debug|x64.ActiveCfg = Debug|Any CPU
		{7222A6D3-71FB-48F0-9042-FDE77F0527A5}.Debug|x64.Build.0 = Debug|Any CPU
		{7222A6D3-71FB-48F0-9042-FDE77F0527A5}.Debug|x86.ActiveCfg = Debug|Any CPU
		{7222A6D3-71FB-48F0-9042-FDE77F0527A5}.Debug|x86.Build.0 = Debug|Any CPU
		{7222A6D3-71FB-48F0-9042-FDE77F0527A5}.Release|Any CPU.ActiveCfg = Release|Any CPU
		{7222A6D3-71FB-48F0-9042-FDE77F0527A5}.Release|Any CPU.Build.0 = Release|Any CPU
		{7222A6D3-71FB-48F0-9042-FDE77F0527A5}.Release|ARM.ActiveCfg = Release|Any CPU
		{7222A6D3-71FB-48F0-9042-FDE77F0527A5}.Release|ARM.Build.0 = Release|Any CPU
		{7222A6D3-71FB-48F0-9042-FDE77F0527A5}.Release|x64.ActiveCfg = Release|Any CPU
		{7222A6D3-71FB-48F0-9042-FDE77F0527A5}.Release|x64.Build.0 = Release|Any CPU
		{7222A6D3-71FB-48F0-9042-FDE77F0527A5}.Release|x86.ActiveCfg = Release|Any CPU
		{7222A6D3-71FB-48F0-9042-FDE77F0527A5}.Release|x86.Build.0 = Release|Any CPU
	EndGlobalSection
	GlobalSection(SolutionProperties) = preSolution
		HideSolutionNode = FALSE
	EndGlobalSection
	GlobalSection(ExtensibilityGlobals) = postSolution
		SolutionGuid = {74710866-711D-49F5-92FA-A936836EB58A}
	EndGlobalSection
EndGlobal
